// !$*UTF8*$!
{
	archiveVersion = 1;
	classes = {
	};
	objectVersion = 50;
	objects = {

/* Begin PBXBuildFile section */
		650BAB272496BDFD003A0E95 /* StackButtons.swift in Sources */ = {isa = PBXBuildFile; fileRef = 650BAB262496BDFD003A0E95 /* StackButtons.swift */; };
		650BAB2C24982C2E003A0E95 /* Section+Network.swift in Sources */ = {isa = PBXBuildFile; fileRef = 650BAB2B24982C2E003A0E95 /* Section+Network.swift */; };
		6519236B259502AC00E36A51 /* Review.swift in Sources */ = {isa = PBXBuildFile; fileRef = 6519236A259502AC00E36A51 /* Review.swift */; };
		6519236F2595030C00E36A51 /* ContentRating.swift in Sources */ = {isa = PBXBuildFile; fileRef = 6519236E2595030C00E36A51 /* ContentRating.swift */; };
		65273819246F072B00C884C5 /* CrewJob.swift in Sources */ = {isa = PBXBuildFile; fileRef = 65273818246F072B00C884C5 /* CrewJob.swift */; };
		654D0F59246B169800B2A968 /* AppDelegate.swift in Sources */ = {isa = PBXBuildFile; fileRef = 654D0F58246B169800B2A968 /* AppDelegate.swift */; };
		654D0F5B246B169800B2A968 /* SceneDelegate.swift in Sources */ = {isa = PBXBuildFile; fileRef = 654D0F5A246B169800B2A968 /* SceneDelegate.swift */; };
		654D0F60246B169800B2A968 /* Main.storyboard in Resources */ = {isa = PBXBuildFile; fileRef = 654D0F5E246B169800B2A968 /* Main.storyboard */; };
		654D0F62246B169A00B2A968 /* Assets.xcassets in Resources */ = {isa = PBXBuildFile; fileRef = 654D0F61246B169A00B2A968 /* Assets.xcassets */; };
		654D0F65246B169A00B2A968 /* LaunchScreen.storyboard in Resources */ = {isa = PBXBuildFile; fileRef = 654D0F63246B169A00B2A968 /* LaunchScreen.storyboard */; };
		654D0F77246B16BA00B2A968 /* Section+Person.swift in Sources */ = {isa = PBXBuildFile; fileRef = 654D0F6C246B16BA00B2A968 /* Section+Person.swift */; };
		654D0F78246B16BA00B2A968 /* MainViewController+TableView.swift in Sources */ = {isa = PBXBuildFile; fileRef = 654D0F6D246B16BA00B2A968 /* MainViewController+TableView.swift */; };
		654D0F79246B16BA00B2A968 /* ItemSection.swift in Sources */ = {isa = PBXBuildFile; fileRef = 654D0F6E246B16BA00B2A968 /* ItemSection.swift */; };
		654D0F7A246B16BA00B2A968 /* MainListCell.swift in Sources */ = {isa = PBXBuildFile; fileRef = 654D0F6F246B16BA00B2A968 /* MainListCell.swift */; };
		654D0F7B246B16BA00B2A968 /* Section+Movie.swift in Sources */ = {isa = PBXBuildFile; fileRef = 654D0F70246B16BA00B2A968 /* Section+Movie.swift */; };
		654D0F7C246B16BA00B2A968 /* Section+Tv.swift in Sources */ = {isa = PBXBuildFile; fileRef = 654D0F71246B16BA00B2A968 /* Section+Tv.swift */; };
		654D0F7D246B16BA00B2A968 /* Section+Search.swift in Sources */ = {isa = PBXBuildFile; fileRef = 654D0F72246B16BA00B2A968 /* Section+Search.swift */; };
		654D0F7E246B16BA00B2A968 /* MainViewController.swift in Sources */ = {isa = PBXBuildFile; fileRef = 654D0F73246B16BA00B2A968 /* MainViewController.swift */; };
		654D0F7F246B16BA00B2A968 /* MainViewController+Search.swift in Sources */ = {isa = PBXBuildFile; fileRef = 654D0F74246B16BA00B2A968 /* MainViewController+Search.swift */; };
		654D0F80246B16BA00B2A968 /* Section+Episode.swift in Sources */ = {isa = PBXBuildFile; fileRef = 654D0F75246B16BA00B2A968 /* Section+Episode.swift */; };
		654D0F81246B16BA00B2A968 /* External.swift in Sources */ = {isa = PBXBuildFile; fileRef = 654D0F76246B16BA00B2A968 /* External.swift */; };
		654D0F8E246B16C900B2A968 /* Tmdb.swift in Sources */ = {isa = PBXBuildFile; fileRef = 654D0F83246B16C800B2A968 /* Tmdb.swift */; };
		654D0F8F246B16C900B2A968 /* Credit.swift in Sources */ = {isa = PBXBuildFile; fileRef = 654D0F84246B16C800B2A968 /* Credit.swift */; };
		654D0F90246B16C900B2A968 /* Credits.swift in Sources */ = {isa = PBXBuildFile; fileRef = 654D0F85246B16C800B2A968 /* Credits.swift */; };
		654D0F91246B16C900B2A968 /* DataProvider.swift in Sources */ = {isa = PBXBuildFile; fileRef = 654D0F86246B16C800B2A968 /* DataProvider.swift */; };
		654D0F92246B16C900B2A968 /* TV.swift in Sources */ = {isa = PBXBuildFile; fileRef = 654D0F87246B16C800B2A968 /* TV.swift */; };
		654D0F93246B16C900B2A968 /* Extensions.swift in Sources */ = {isa = PBXBuildFile; fileRef = 654D0F88246B16C800B2A968 /* Extensions.swift */; };
		654D0F94246B16C900B2A968 /* Media.swift in Sources */ = {isa = PBXBuildFile; fileRef = 654D0F89246B16C800B2A968 /* Media.swift */; };
		654D0F95246B16C900B2A968 /* ExternalIds.swift in Sources */ = {isa = PBXBuildFile; fileRef = 654D0F8A246B16C800B2A968 /* ExternalIds.swift */; };
		654D0F96246B16C900B2A968 /* Languages.swift in Sources */ = {isa = PBXBuildFile; fileRef = 654D0F8B246B16C800B2A968 /* Languages.swift */; };
		654D0F97246B16C900B2A968 /* Search.swift in Sources */ = {isa = PBXBuildFile; fileRef = 654D0F8C246B16C800B2A968 /* Search.swift */; };
		654D0F98246B16C900B2A968 /* MediaCollection.swift in Sources */ = {isa = PBXBuildFile; fileRef = 654D0F8D246B16C800B2A968 /* MediaCollection.swift */; };
		654D0FC0246B30E700B2A968 /* FastMDbTests.swift in Sources */ = {isa = PBXBuildFile; fileRef = 654D0FBF246B30E700B2A968 /* FastMDbTests.swift */; };
		65530B9C246E12370045DC1B /* Section+Production.swift in Sources */ = {isa = PBXBuildFile; fileRef = 65530B9B246E12370045DC1B /* Section+Production.swift */; };
		65530B9E246E4C440045DC1B /* Genre.swift in Sources */ = {isa = PBXBuildFile; fileRef = 65530B9D246E4C440045DC1B /* Genre.swift */; };
		65530BA0246E4C680045DC1B /* Production.swift in Sources */ = {isa = PBXBuildFile; fileRef = 65530B9F246E4C680045DC1B /* Production.swift */; };
		65530BA2246E4CBB0045DC1B /* Video.swift in Sources */ = {isa = PBXBuildFile; fileRef = 65530BA1246E4CBB0045DC1B /* Video.swift */; };
		65530BA6246E4DA10045DC1B /* TvNetwork.swift in Sources */ = {isa = PBXBuildFile; fileRef = 65530BA5246E4DA10045DC1B /* TvNetwork.swift */; };
		65530BA8246E4DC30045DC1B /* Episode.swift in Sources */ = {isa = PBXBuildFile; fileRef = 65530BA7246E4DC30045DC1B /* Episode.swift */; };
		65530BAA246E4DF90045DC1B /* Season.swift in Sources */ = {isa = PBXBuildFile; fileRef = 65530BA9246E4DF90045DC1B /* Season.swift */; };
		655B0F4224B1478A00E587E9 /* iTunes.swift in Sources */ = {isa = PBXBuildFile; fileRef = 655B0F4124B1478A00E587E9 /* iTunes.swift */; };
		655B0F4424B14AF200E587E9 /* RemoteImage.swift in Sources */ = {isa = PBXBuildFile; fileRef = 655B0F4324B14AF200E587E9 /* RemoteImage.swift */; };
		655B0F4624B16E7F00E587E9 /* MusicView.swift in Sources */ = {isa = PBXBuildFile; fileRef = 655B0F4524B16E7F00E587E9 /* MusicView.swift */; };
		655B0F4824B1735900E587E9 /* VideoView.swift in Sources */ = {isa = PBXBuildFile; fileRef = 655B0F4724B1735900E587E9 /* VideoView.swift */; };
		656724B3259E84250056F2D6 /* ThumbnailCollectionViewCell.swift in Sources */ = {isa = PBXBuildFile; fileRef = 656724B2259E84250056F2D6 /* ThumbnailCollectionViewCell.swift */; };
		656724B7259E843D0056F2D6 /* SquareCollectionViewCell.swift in Sources */ = {isa = PBXBuildFile; fileRef = 656724B6259E843D0056F2D6 /* SquareCollectionViewCell.swift */; };
		656724C1259FC31B0056F2D6 /* ImagesCollectionViewCell.swift in Sources */ = {isa = PBXBuildFile; fileRef = 656724C0259FC31B0056F2D6 /* ImagesCollectionViewCell.swift */; };
		657655D72474D5B30080D6B1 /* NewsApiModel.swift in Sources */ = {isa = PBXBuildFile; fileRef = 657655D52474D5B30080D6B1 /* NewsApiModel.swift */; };
		657655DE2474E4E00080D6B1 /* NewsApi.swift in Sources */ = {isa = PBXBuildFile; fileRef = 657655DD2474E4E00080D6B1 /* NewsApi.swift */; };
		65883AC82471F9F400C1A55A /* Item.swift in Sources */ = {isa = PBXBuildFile; fileRef = 65883AC72471F9F400C1A55A /* Item.swift */; };
		65883ACE2472F2FF00C1A55A /* Section+Content.swift in Sources */ = {isa = PBXBuildFile; fileRef = 65883ACD2472F2FF00C1A55A /* Section+Content.swift */; };
		65883AD02472F39600C1A55A /* Section+Season.swift in Sources */ = {isa = PBXBuildFile; fileRef = 65883ACF2472F39600C1A55A /* Section+Season.swift */; };
		65883AD2247348E100C1A55A /* Destination.swift in Sources */ = {isa = PBXBuildFile; fileRef = 65883AD1247348E100C1A55A /* Destination.swift */; };
		65AFACE425A1134D00F841B0 /* TagsCollectionViewCell.swift in Sources */ = {isa = PBXBuildFile; fileRef = 65AFACE325A1134D00F841B0 /* TagsCollectionViewCell.swift */; };
		65B7496024B18DA600C8997C /* ImageCache.swift in Sources */ = {isa = PBXBuildFile; fileRef = 65B7495F24B18DA600C8997C /* ImageCache.swift */; };
		65D47DB325954EEB009701BB /* ImageDownloader.swift in Sources */ = {isa = PBXBuildFile; fileRef = 65D47DB225954EEB009701BB /* ImageDownloader.swift */; };
		65D47DBB25955D26009701BB /* PortraitCollectionViewCell.swift in Sources */ = {isa = PBXBuildFile; fileRef = 65D47DBA25955D26009701BB /* PortraitCollectionViewCell.swift */; };
		65D47DBF25955D6E009701BB /* Extension.swift in Sources */ = {isa = PBXBuildFile; fileRef = 65D47DBE25955D6E009701BB /* Extension.swift */; };
		65D47DC525955D9F009701BB /* CollectionHandler.swift in Sources */ = {isa = PBXBuildFile; fileRef = 65D47DC425955D9F009701BB /* CollectionHandler.swift */; };
		65D47DCB25955DC8009701BB /* MainListCollectionCell.swift in Sources */ = {isa = PBXBuildFile; fileRef = 65D47DCA25955DC8009701BB /* MainListCollectionCell.swift */; };
/* End PBXBuildFile section */

/* Begin PBXContainerItemProxy section */
		654D0FC2246B30E700B2A968 /* PBXContainerItemProxy */ = {
			isa = PBXContainerItemProxy;
			containerPortal = 654D0F4D246B169800B2A968 /* Project object */;
			proxyType = 1;
			remoteGlobalIDString = 654D0F54246B169800B2A968;
			remoteInfo = FastMDb;
		};
/* End PBXContainerItemProxy section */

/* Begin PBXFileReference section */
		650BAB262496BDFD003A0E95 /* StackButtons.swift */ = {isa = PBXFileReference; lastKnownFileType = sourcecode.swift; path = StackButtons.swift; sourceTree = "<group>"; };
		650BAB2B24982C2E003A0E95 /* Section+Network.swift */ = {isa = PBXFileReference; lastKnownFileType = sourcecode.swift; path = "Section+Network.swift"; sourceTree = "<group>"; };
		6519236A259502AC00E36A51 /* Review.swift */ = {isa = PBXFileReference; lastKnownFileType = sourcecode.swift; path = Review.swift; sourceTree = "<group>"; };
		6519236E2595030C00E36A51 /* ContentRating.swift */ = {isa = PBXFileReference; lastKnownFileType = sourcecode.swift; path = ContentRating.swift; sourceTree = "<group>"; };
		65273818246F072B00C884C5 /* CrewJob.swift */ = {isa = PBXFileReference; lastKnownFileType = sourcecode.swift; path = CrewJob.swift; sourceTree = "<group>"; };
		654D0F55246B169800B2A968 /* FastMDb.app */ = {isa = PBXFileReference; explicitFileType = wrapper.application; includeInIndex = 0; path = FastMDb.app; sourceTree = BUILT_PRODUCTS_DIR; };
		654D0F58246B169800B2A968 /* AppDelegate.swift */ = {isa = PBXFileReference; lastKnownFileType = sourcecode.swift; path = AppDelegate.swift; sourceTree = "<group>"; };
		654D0F5A246B169800B2A968 /* SceneDelegate.swift */ = {isa = PBXFileReference; lastKnownFileType = sourcecode.swift; path = SceneDelegate.swift; sourceTree = "<group>"; };
		654D0F5F246B169800B2A968 /* Base */ = {isa = PBXFileReference; lastKnownFileType = file.storyboard; name = Base; path = Base.lproj/Main.storyboard; sourceTree = "<group>"; };
		654D0F61246B169A00B2A968 /* Assets.xcassets */ = {isa = PBXFileReference; lastKnownFileType = folder.assetcatalog; path = Assets.xcassets; sourceTree = "<group>"; };
		654D0F64246B169A00B2A968 /* Base */ = {isa = PBXFileReference; lastKnownFileType = file.storyboard; name = Base; path = Base.lproj/LaunchScreen.storyboard; sourceTree = "<group>"; };
		654D0F66246B169A00B2A968 /* Info.plist */ = {isa = PBXFileReference; lastKnownFileType = text.plist.xml; path = Info.plist; sourceTree = "<group>"; };
		654D0F6C246B16BA00B2A968 /* Section+Person.swift */ = {isa = PBXFileReference; fileEncoding = 4; lastKnownFileType = sourcecode.swift; path = "Section+Person.swift"; sourceTree = "<group>"; };
		654D0F6D246B16BA00B2A968 /* MainViewController+TableView.swift */ = {isa = PBXFileReference; fileEncoding = 4; lastKnownFileType = sourcecode.swift; path = "MainViewController+TableView.swift"; sourceTree = "<group>"; };
		654D0F6E246B16BA00B2A968 /* ItemSection.swift */ = {isa = PBXFileReference; fileEncoding = 4; lastKnownFileType = sourcecode.swift; path = ItemSection.swift; sourceTree = "<group>"; };
		654D0F6F246B16BA00B2A968 /* MainListCell.swift */ = {isa = PBXFileReference; fileEncoding = 4; lastKnownFileType = sourcecode.swift; path = MainListCell.swift; sourceTree = "<group>"; };
		654D0F70246B16BA00B2A968 /* Section+Movie.swift */ = {isa = PBXFileReference; fileEncoding = 4; lastKnownFileType = sourcecode.swift; path = "Section+Movie.swift"; sourceTree = "<group>"; };
		654D0F71246B16BA00B2A968 /* Section+Tv.swift */ = {isa = PBXFileReference; fileEncoding = 4; lastKnownFileType = sourcecode.swift; path = "Section+Tv.swift"; sourceTree = "<group>"; };
		654D0F72246B16BA00B2A968 /* Section+Search.swift */ = {isa = PBXFileReference; fileEncoding = 4; lastKnownFileType = sourcecode.swift; path = "Section+Search.swift"; sourceTree = "<group>"; };
		654D0F73246B16BA00B2A968 /* MainViewController.swift */ = {isa = PBXFileReference; fileEncoding = 4; lastKnownFileType = sourcecode.swift; path = MainViewController.swift; sourceTree = "<group>"; };
		654D0F74246B16BA00B2A968 /* MainViewController+Search.swift */ = {isa = PBXFileReference; fileEncoding = 4; lastKnownFileType = sourcecode.swift; path = "MainViewController+Search.swift"; sourceTree = "<group>"; };
		654D0F75246B16BA00B2A968 /* Section+Episode.swift */ = {isa = PBXFileReference; fileEncoding = 4; lastKnownFileType = sourcecode.swift; path = "Section+Episode.swift"; sourceTree = "<group>"; };
		654D0F76246B16BA00B2A968 /* External.swift */ = {isa = PBXFileReference; fileEncoding = 4; lastKnownFileType = sourcecode.swift; path = External.swift; sourceTree = "<group>"; };
		654D0F83246B16C800B2A968 /* Tmdb.swift */ = {isa = PBXFileReference; fileEncoding = 4; lastKnownFileType = sourcecode.swift; path = Tmdb.swift; sourceTree = "<group>"; };
		654D0F84246B16C800B2A968 /* Credit.swift */ = {isa = PBXFileReference; fileEncoding = 4; lastKnownFileType = sourcecode.swift; path = Credit.swift; sourceTree = "<group>"; };
		654D0F85246B16C800B2A968 /* Credits.swift */ = {isa = PBXFileReference; fileEncoding = 4; lastKnownFileType = sourcecode.swift; path = Credits.swift; sourceTree = "<group>"; };
		654D0F86246B16C800B2A968 /* DataProvider.swift */ = {isa = PBXFileReference; fileEncoding = 4; lastKnownFileType = sourcecode.swift; path = DataProvider.swift; sourceTree = "<group>"; };
		654D0F87246B16C800B2A968 /* TV.swift */ = {isa = PBXFileReference; fileEncoding = 4; lastKnownFileType = sourcecode.swift; path = TV.swift; sourceTree = "<group>"; };
		654D0F88246B16C800B2A968 /* Extensions.swift */ = {isa = PBXFileReference; fileEncoding = 4; lastKnownFileType = sourcecode.swift; path = Extensions.swift; sourceTree = "<group>"; };
		654D0F89246B16C800B2A968 /* Media.swift */ = {isa = PBXFileReference; fileEncoding = 4; lastKnownFileType = sourcecode.swift; path = Media.swift; sourceTree = "<group>"; };
		654D0F8A246B16C800B2A968 /* ExternalIds.swift */ = {isa = PBXFileReference; fileEncoding = 4; lastKnownFileType = sourcecode.swift; path = ExternalIds.swift; sourceTree = "<group>"; };
		654D0F8B246B16C800B2A968 /* Languages.swift */ = {isa = PBXFileReference; fileEncoding = 4; lastKnownFileType = sourcecode.swift; path = Languages.swift; sourceTree = "<group>"; };
		654D0F8C246B16C800B2A968 /* Search.swift */ = {isa = PBXFileReference; fileEncoding = 4; lastKnownFileType = sourcecode.swift; path = Search.swift; sourceTree = "<group>"; };
		654D0F8D246B16C800B2A968 /* MediaCollection.swift */ = {isa = PBXFileReference; fileEncoding = 4; lastKnownFileType = sourcecode.swift; path = MediaCollection.swift; sourceTree = "<group>"; };
		654D0FBD246B30E700B2A968 /* FastMDbTests.xctest */ = {isa = PBXFileReference; explicitFileType = wrapper.cfbundle; includeInIndex = 0; path = FastMDbTests.xctest; sourceTree = BUILT_PRODUCTS_DIR; };
		654D0FBF246B30E700B2A968 /* FastMDbTests.swift */ = {isa = PBXFileReference; lastKnownFileType = sourcecode.swift; path = FastMDbTests.swift; sourceTree = "<group>"; };
		654D0FC1246B30E700B2A968 /* Info.plist */ = {isa = PBXFileReference; lastKnownFileType = text.plist.xml; path = Info.plist; sourceTree = "<group>"; };
		65530B9B246E12370045DC1B /* Section+Production.swift */ = {isa = PBXFileReference; lastKnownFileType = sourcecode.swift; path = "Section+Production.swift"; sourceTree = "<group>"; };
		65530B9D246E4C440045DC1B /* Genre.swift */ = {isa = PBXFileReference; lastKnownFileType = sourcecode.swift; path = Genre.swift; sourceTree = "<group>"; };
		65530B9F246E4C680045DC1B /* Production.swift */ = {isa = PBXFileReference; lastKnownFileType = sourcecode.swift; path = Production.swift; sourceTree = "<group>"; };
		65530BA1246E4CBB0045DC1B /* Video.swift */ = {isa = PBXFileReference; lastKnownFileType = sourcecode.swift; path = Video.swift; sourceTree = "<group>"; };
		65530BA5246E4DA10045DC1B /* TvNetwork.swift */ = {isa = PBXFileReference; lastKnownFileType = sourcecode.swift; path = TvNetwork.swift; sourceTree = "<group>"; };
		65530BA7246E4DC30045DC1B /* Episode.swift */ = {isa = PBXFileReference; lastKnownFileType = sourcecode.swift; path = Episode.swift; sourceTree = "<group>"; };
		65530BA9246E4DF90045DC1B /* Season.swift */ = {isa = PBXFileReference; lastKnownFileType = sourcecode.swift; path = Season.swift; sourceTree = "<group>"; };
		655B0F4124B1478A00E587E9 /* iTunes.swift */ = {isa = PBXFileReference; fileEncoding = 4; lastKnownFileType = sourcecode.swift; path = iTunes.swift; sourceTree = "<group>"; };
		655B0F4324B14AF200E587E9 /* RemoteImage.swift */ = {isa = PBXFileReference; fileEncoding = 4; lastKnownFileType = sourcecode.swift; path = RemoteImage.swift; sourceTree = "<group>"; };
		655B0F4524B16E7F00E587E9 /* MusicView.swift */ = {isa = PBXFileReference; lastKnownFileType = sourcecode.swift; path = MusicView.swift; sourceTree = "<group>"; };
		655B0F4724B1735900E587E9 /* VideoView.swift */ = {isa = PBXFileReference; lastKnownFileType = sourcecode.swift; path = VideoView.swift; sourceTree = "<group>"; };
		656724B2259E84250056F2D6 /* ThumbnailCollectionViewCell.swift */ = {isa = PBXFileReference; lastKnownFileType = sourcecode.swift; path = ThumbnailCollectionViewCell.swift; sourceTree = "<group>"; };
		656724B6259E843D0056F2D6 /* SquareCollectionViewCell.swift */ = {isa = PBXFileReference; lastKnownFileType = sourcecode.swift; path = SquareCollectionViewCell.swift; sourceTree = "<group>"; };
		656724C0259FC31B0056F2D6 /* ImagesCollectionViewCell.swift */ = {isa = PBXFileReference; lastKnownFileType = sourcecode.swift; path = ImagesCollectionViewCell.swift; sourceTree = "<group>"; };
		657655D52474D5B30080D6B1 /* NewsApiModel.swift */ = {isa = PBXFileReference; fileEncoding = 4; lastKnownFileType = sourcecode.swift; path = NewsApiModel.swift; sourceTree = "<group>"; };
		657655DD2474E4E00080D6B1 /* NewsApi.swift */ = {isa = PBXFileReference; lastKnownFileType = sourcecode.swift; path = NewsApi.swift; sourceTree = "<group>"; };
		65883AC72471F9F400C1A55A /* Item.swift */ = {isa = PBXFileReference; lastKnownFileType = sourcecode.swift; path = Item.swift; sourceTree = "<group>"; };
		65883ACD2472F2FF00C1A55A /* Section+Content.swift */ = {isa = PBXFileReference; lastKnownFileType = sourcecode.swift; path = "Section+Content.swift"; sourceTree = "<group>"; };
		65883ACF2472F39600C1A55A /* Section+Season.swift */ = {isa = PBXFileReference; lastKnownFileType = sourcecode.swift; path = "Section+Season.swift"; sourceTree = "<group>"; };
		65883AD1247348E100C1A55A /* Destination.swift */ = {isa = PBXFileReference; lastKnownFileType = sourcecode.swift; path = Destination.swift; sourceTree = "<group>"; };
		65AFACE325A1134D00F841B0 /* TagsCollectionViewCell.swift */ = {isa = PBXFileReference; lastKnownFileType = sourcecode.swift; path = TagsCollectionViewCell.swift; sourceTree = "<group>"; };
		65B7495F24B18DA600C8997C /* ImageCache.swift */ = {isa = PBXFileReference; lastKnownFileType = sourcecode.swift; path = ImageCache.swift; sourceTree = "<group>"; };
		65D47DB225954EEB009701BB /* ImageDownloader.swift */ = {isa = PBXFileReference; fileEncoding = 4; lastKnownFileType = sourcecode.swift; path = ImageDownloader.swift; sourceTree = "<group>"; };
		65D47DBA25955D26009701BB /* PortraitCollectionViewCell.swift */ = {isa = PBXFileReference; lastKnownFileType = sourcecode.swift; path = PortraitCollectionViewCell.swift; sourceTree = "<group>"; };
		65D47DBE25955D6E009701BB /* Extension.swift */ = {isa = PBXFileReference; lastKnownFileType = sourcecode.swift; path = Extension.swift; sourceTree = "<group>"; };
		65D47DC425955D9F009701BB /* CollectionHandler.swift */ = {isa = PBXFileReference; lastKnownFileType = sourcecode.swift; path = CollectionHandler.swift; sourceTree = "<group>"; };
		65D47DCA25955DC8009701BB /* MainListCollectionCell.swift */ = {isa = PBXFileReference; lastKnownFileType = sourcecode.swift; path = MainListCollectionCell.swift; sourceTree = "<group>"; };
/* End PBXFileReference section */

/* Begin PBXFrameworksBuildPhase section */
		654D0F52246B169800B2A968 /* Frameworks */ = {
			isa = PBXFrameworksBuildPhase;
			buildActionMask = 2147483647;
			files = (
			);
			runOnlyForDeploymentPostprocessing = 0;
		};
		654D0FBA246B30E700B2A968 /* Frameworks */ = {
			isa = PBXFrameworksBuildPhase;
			buildActionMask = 2147483647;
			files = (
			);
			runOnlyForDeploymentPostprocessing = 0;
		};
/* End PBXFrameworksBuildPhase section */

/* Begin PBXGroup section */
		650BAB2824971ED5003A0E95 /* UI */ = {
			isa = PBXGroup;
			children = (
				656724C4259FC3560056F2D6 /* Cells */,
				65D47DC425955D9F009701BB /* CollectionHandler.swift */,
				65B7495F24B18DA600C8997C /* ImageCache.swift */,
				655B0F4524B16E7F00E587E9 /* MusicView.swift */,
				655B0F4324B14AF200E587E9 /* RemoteImage.swift */,
				650BAB262496BDFD003A0E95 /* StackButtons.swift */,
				655B0F4724B1735900E587E9 /* VideoView.swift */,
			);
			path = UI;
			sourceTree = "<group>";
		};
		654D0F4C246B169800B2A968 = {
			isa = PBXGroup;
			children = (
				654D0F57246B169800B2A968 /* FastMDb */,
				654D0FBE246B30E700B2A968 /* FastMDbTests */,
				654D0F56246B169800B2A968 /* Products */,
			);
			sourceTree = "<group>";
		};
		654D0F56246B169800B2A968 /* Products */ = {
			isa = PBXGroup;
			children = (
				654D0F55246B169800B2A968 /* FastMDb.app */,
				654D0FBD246B30E700B2A968 /* FastMDbTests.xctest */,
			);
			name = Products;
			sourceTree = "<group>";
		};
		654D0F57246B169800B2A968 /* FastMDb */ = {
			isa = PBXGroup;
			children = (
				654D0F66246B169A00B2A968 /* Info.plist */,
				654D0F58246B169800B2A968 /* AppDelegate.swift */,
				65D47DBE25955D6E009701BB /* Extension.swift */,
				65D47DB225954EEB009701BB /* ImageDownloader.swift */,
				655B0F4124B1478A00E587E9 /* iTunes.swift */,
				654D0F73246B16BA00B2A968 /* MainViewController.swift */,
				654D0F74246B16BA00B2A968 /* MainViewController+Search.swift */,
				654D0F6D246B16BA00B2A968 /* MainViewController+TableView.swift */,
				654D0F5A246B169800B2A968 /* SceneDelegate.swift */,
				654D0F61246B169A00B2A968 /* Assets.xcassets */,
				65883AC62471F8FC00C1A55A /* Helper */,
				654D0F63246B169A00B2A968 /* LaunchScreen.storyboard */,
				654D0F5E246B169800B2A968 /* Main.storyboard */,
				65883AD3247348F700C1A55A /* Model */,
				657655DC2474D5DB0080D6B1 /* NewsApi */,
				654D0F82246B16C800B2A968 /* TMDB */,
				650BAB2824971ED5003A0E95 /* UI */,
			);
			path = FastMDb;
			sourceTree = "<group>";
		};
		654D0F82246B16C800B2A968 /* TMDB */ = {
			isa = PBXGroup;
			children = (
				6519236E2595030C00E36A51 /* ContentRating.swift */,
				654D0F84246B16C800B2A968 /* Credit.swift */,
				654D0F85246B16C800B2A968 /* Credits.swift */,
				65530BA7246E4DC30045DC1B /* Episode.swift */,
				654D0F8A246B16C800B2A968 /* ExternalIds.swift */,
				65530B9D246E4C440045DC1B /* Genre.swift */,
				654D0F89246B16C800B2A968 /* Media.swift */,
				654D0F8D246B16C800B2A968 /* MediaCollection.swift */,
				65530B9F246E4C680045DC1B /* Production.swift */,
				6519236A259502AC00E36A51 /* Review.swift */,
				654D0F8C246B16C800B2A968 /* Search.swift */,
				65530BA9246E4DF90045DC1B /* Season.swift */,
				654D0F83246B16C800B2A968 /* Tmdb.swift */,
				654D0F87246B16C800B2A968 /* TV.swift */,
				65530BA5246E4DA10045DC1B /* TvNetwork.swift */,
				65530BA1246E4CBB0045DC1B /* Video.swift */,
			);
			path = TMDB;
			sourceTree = "<group>";
		};
		654D0FBE246B30E700B2A968 /* FastMDbTests */ = {
			isa = PBXGroup;
			children = (
				654D0FBF246B30E700B2A968 /* FastMDbTests.swift */,
				654D0FC1246B30E700B2A968 /* Info.plist */,
			);
			path = FastMDbTests;
			sourceTree = "<group>";
		};
		656724C4259FC3560056F2D6 /* Cells */ = {
			isa = PBXGroup;
			children = (
				656724C0259FC31B0056F2D6 /* ImagesCollectionViewCell.swift */,
				654D0F6F246B16BA00B2A968 /* MainListCell.swift */,
				65D47DCA25955DC8009701BB /* MainListCollectionCell.swift */,
				65D47DBA25955D26009701BB /* PortraitCollectionViewCell.swift */,
				656724B6259E843D0056F2D6 /* SquareCollectionViewCell.swift */,
				65AFACE325A1134D00F841B0 /* TagsCollectionViewCell.swift */,
				656724B2259E84250056F2D6 /* ThumbnailCollectionViewCell.swift */,
			);
			path = Cells;
			sourceTree = "<group>";
		};
		657655DC2474D5DB0080D6B1 /* NewsApi */ = {
			isa = PBXGroup;
			children = (
				657655DD2474E4E00080D6B1 /* NewsApi.swift */,
				657655D52474D5B30080D6B1 /* NewsApiModel.swift */,
			);
			path = NewsApi;
			sourceTree = "<group>";
		};
		65883AC62471F8FC00C1A55A /* Helper */ = {
			isa = PBXGroup;
			children = (
				65273818246F072B00C884C5 /* CrewJob.swift */,
				654D0F86246B16C800B2A968 /* DataProvider.swift */,
				654D0F88246B16C800B2A968 /* Extensions.swift */,
				654D0F76246B16BA00B2A968 /* External.swift */,
				654D0F8B246B16C800B2A968 /* Languages.swift */,
			);
			path = Helper;
			sourceTree = "<group>";
		};
		65883AD3247348F700C1A55A /* Model */ = {
			isa = PBXGroup;
			children = (
				65883AD1247348E100C1A55A /* Destination.swift */,
				65883AC72471F9F400C1A55A /* Item.swift */,
				654D0F6E246B16BA00B2A968 /* ItemSection.swift */,
				65883ACD2472F2FF00C1A55A /* Section+Content.swift */,
				654D0F75246B16BA00B2A968 /* Section+Episode.swift */,
				654D0F70246B16BA00B2A968 /* Section+Movie.swift */,
				650BAB2B24982C2E003A0E95 /* Section+Network.swift */,
				654D0F6C246B16BA00B2A968 /* Section+Person.swift */,
				65530B9B246E12370045DC1B /* Section+Production.swift */,
				654D0F72246B16BA00B2A968 /* Section+Search.swift */,
				65883ACF2472F39600C1A55A /* Section+Season.swift */,
				654D0F71246B16BA00B2A968 /* Section+Tv.swift */,
			);
			path = Model;
			sourceTree = "<group>";
		};
/* End PBXGroup section */

/* Begin PBXNativeTarget section */
		654D0F54246B169800B2A968 /* FastMDb */ = {
			isa = PBXNativeTarget;
			buildConfigurationList = 654D0F69246B169A00B2A968 /* Build configuration list for PBXNativeTarget "FastMDb" */;
			buildPhases = (
				654D0F51246B169800B2A968 /* Sources */,
				654D0F52246B169800B2A968 /* Frameworks */,
				654D0F53246B169800B2A968 /* Resources */,
			);
			buildRules = (
			);
			dependencies = (
			);
			name = FastMDb;
			productName = FastMDb;
			productReference = 654D0F55246B169800B2A968 /* FastMDb.app */;
			productType = "com.apple.product-type.application";
		};
		654D0FBC246B30E700B2A968 /* FastMDbTests */ = {
			isa = PBXNativeTarget;
			buildConfigurationList = 654D0FC6246B30E700B2A968 /* Build configuration list for PBXNativeTarget "FastMDbTests" */;
			buildPhases = (
				654D0FB9246B30E700B2A968 /* Sources */,
				654D0FBA246B30E700B2A968 /* Frameworks */,
				654D0FBB246B30E700B2A968 /* Resources */,
			);
			buildRules = (
			);
			dependencies = (
				654D0FC3246B30E700B2A968 /* PBXTargetDependency */,
			);
			name = FastMDbTests;
			productName = FastMDbTests;
			productReference = 654D0FBD246B30E700B2A968 /* FastMDbTests.xctest */;
			productType = "com.apple.product-type.bundle.unit-test";
		};
/* End PBXNativeTarget section */

/* Begin PBXProject section */
		654D0F4D246B169800B2A968 /* Project object */ = {
			isa = PBXProject;
			attributes = {
				LastSwiftUpdateCheck = 1140;
				LastUpgradeCheck = 1140;
				ORGANIZATIONNAME = dk;
				TargetAttributes = {
					654D0F54246B169800B2A968 = {
						CreatedOnToolsVersion = 11.4.1;
					};
					654D0FBC246B30E700B2A968 = {
						CreatedOnToolsVersion = 11.4.1;
						TestTargetID = 654D0F54246B169800B2A968;
					};
				};
			};
			buildConfigurationList = 654D0F50246B169800B2A968 /* Build configuration list for PBXProject "FastMDb" */;
			compatibilityVersion = "Xcode 9.3";
			developmentRegion = en;
			hasScannedForEncodings = 0;
			knownRegions = (
				en,
				Base,
			);
			mainGroup = 654D0F4C246B169800B2A968;
			productRefGroup = 654D0F56246B169800B2A968 /* Products */;
			projectDirPath = "";
			projectRoot = "";
			targets = (
				654D0F54246B169800B2A968 /* FastMDb */,
				654D0FBC246B30E700B2A968 /* FastMDbTests */,
			);
		};
/* End PBXProject section */

/* Begin PBXResourcesBuildPhase section */
		654D0F53246B169800B2A968 /* Resources */ = {
			isa = PBXResourcesBuildPhase;
			buildActionMask = 2147483647;
			files = (
				654D0F65246B169A00B2A968 /* LaunchScreen.storyboard in Resources */,
				654D0F62246B169A00B2A968 /* Assets.xcassets in Resources */,
				654D0F60246B169800B2A968 /* Main.storyboard in Resources */,
			);
			runOnlyForDeploymentPostprocessing = 0;
		};
		654D0FBB246B30E700B2A968 /* Resources */ = {
			isa = PBXResourcesBuildPhase;
			buildActionMask = 2147483647;
			files = (
			);
			runOnlyForDeploymentPostprocessing = 0;
		};
/* End PBXResourcesBuildPhase section */

/* Begin PBXSourcesBuildPhase section */
		654D0F51246B169800B2A968 /* Sources */ = {
			isa = PBXSourcesBuildPhase;
			buildActionMask = 2147483647;
			files = (
				656724B3259E84250056F2D6 /* ThumbnailCollectionViewCell.swift in Sources */,
				654D0F7E246B16BA00B2A968 /* MainViewController.swift in Sources */,
				654D0F94246B16C900B2A968 /* Media.swift in Sources */,
				654D0F8F246B16C900B2A968 /* Credit.swift in Sources */,
				654D0F78246B16BA00B2A968 /* MainViewController+TableView.swift in Sources */,
				654D0F59246B169800B2A968 /* AppDelegate.swift in Sources */,
				65530BA2246E4CBB0045DC1B /* Video.swift in Sources */,
				65530BA0246E4C680045DC1B /* Production.swift in Sources */,
				6519236B259502AC00E36A51 /* Review.swift in Sources */,
				65530B9C246E12370045DC1B /* Section+Production.swift in Sources */,
				657655D72474D5B30080D6B1 /* NewsApiModel.swift in Sources */,
				655B0F4424B14AF200E587E9 /* RemoteImage.swift in Sources */,
				654D0F98246B16C900B2A968 /* MediaCollection.swift in Sources */,
				656724C1259FC31B0056F2D6 /* ImagesCollectionViewCell.swift in Sources */,
				657655DE2474E4E00080D6B1 /* NewsApi.swift in Sources */,
				654D0F81246B16BA00B2A968 /* External.swift in Sources */,
				654D0F91246B16C900B2A968 /* DataProvider.swift in Sources */,
				65530B9E246E4C440045DC1B /* Genre.swift in Sources */,
				655B0F4624B16E7F00E587E9 /* MusicView.swift in Sources */,
				654D0F7D246B16BA00B2A968 /* Section+Search.swift in Sources */,
				654D0F96246B16C900B2A968 /* Languages.swift in Sources */,
				65883AD2247348E100C1A55A /* Destination.swift in Sources */,
				656724B7259E843D0056F2D6 /* SquareCollectionViewCell.swift in Sources */,
				650BAB272496BDFD003A0E95 /* StackButtons.swift in Sources */,
				655B0F4824B1735900E587E9 /* VideoView.swift in Sources */,
				650BAB2C24982C2E003A0E95 /* Section+Network.swift in Sources */,
				654D0F7C246B16BA00B2A968 /* Section+Tv.swift in Sources */,
				65D47DCB25955DC8009701BB /* MainListCollectionCell.swift in Sources */,
				65530BAA246E4DF90045DC1B /* Season.swift in Sources */,
				654D0F8E246B16C900B2A968 /* Tmdb.swift in Sources */,
				654D0F90246B16C900B2A968 /* Credits.swift in Sources */,
				654D0F79246B16BA00B2A968 /* ItemSection.swift in Sources */,
				654D0F95246B16C900B2A968 /* ExternalIds.swift in Sources */,
				65273819246F072B00C884C5 /* CrewJob.swift in Sources */,
				654D0F7F246B16BA00B2A968 /* MainViewController+Search.swift in Sources */,
				654D0F7A246B16BA00B2A968 /* MainListCell.swift in Sources */,
				654D0F77246B16BA00B2A968 /* Section+Person.swift in Sources */,
				65AFACE425A1134D00F841B0 /* TagsCollectionViewCell.swift in Sources */,
				654D0F93246B16C900B2A968 /* Extensions.swift in Sources */,
				65D47DB325954EEB009701BB /* ImageDownloader.swift in Sources */,
				65D47DC525955D9F009701BB /* CollectionHandler.swift in Sources */,
				65D47DBF25955D6E009701BB /* Extension.swift in Sources */,
				654D0F80246B16BA00B2A968 /* Section+Episode.swift in Sources */,
				65883AD02472F39600C1A55A /* Section+Season.swift in Sources */,
				655B0F4224B1478A00E587E9 /* iTunes.swift in Sources */,
				654D0F7B246B16BA00B2A968 /* Section+Movie.swift in Sources */,
				65B7496024B18DA600C8997C /* ImageCache.swift in Sources */,
				65530BA6246E4DA10045DC1B /* TvNetwork.swift in Sources */,
				65883AC82471F9F400C1A55A /* Item.swift in Sources */,
				654D0F97246B16C900B2A968 /* Search.swift in Sources */,
				65530BA8246E4DC30045DC1B /* Episode.swift in Sources */,
				654D0F92246B16C900B2A968 /* TV.swift in Sources */,
				65D47DBB25955D26009701BB /* PortraitCollectionViewCell.swift in Sources */,
				6519236F2595030C00E36A51 /* ContentRating.swift in Sources */,
				654D0F5B246B169800B2A968 /* SceneDelegate.swift in Sources */,
				65883ACE2472F2FF00C1A55A /* Section+Content.swift in Sources */,
			);
			runOnlyForDeploymentPostprocessing = 0;
		};
		654D0FB9246B30E700B2A968 /* Sources */ = {
			isa = PBXSourcesBuildPhase;
			buildActionMask = 2147483647;
			files = (
				654D0FC0246B30E700B2A968 /* FastMDbTests.swift in Sources */,
			);
			runOnlyForDeploymentPostprocessing = 0;
		};
/* End PBXSourcesBuildPhase section */

/* Begin PBXTargetDependency section */
		654D0FC3246B30E700B2A968 /* PBXTargetDependency */ = {
			isa = PBXTargetDependency;
			target = 654D0F54246B169800B2A968 /* FastMDb */;
			targetProxy = 654D0FC2246B30E700B2A968 /* PBXContainerItemProxy */;
		};
/* End PBXTargetDependency section */

/* Begin PBXVariantGroup section */
		654D0F5E246B169800B2A968 /* Main.storyboard */ = {
			isa = PBXVariantGroup;
			children = (
				654D0F5F246B169800B2A968 /* Base */,
			);
			name = Main.storyboard;
			sourceTree = "<group>";
		};
		654D0F63246B169A00B2A968 /* LaunchScreen.storyboard */ = {
			isa = PBXVariantGroup;
			children = (
				654D0F64246B169A00B2A968 /* Base */,
			);
			name = LaunchScreen.storyboard;
			sourceTree = "<group>";
		};
/* End PBXVariantGroup section */

/* Begin XCBuildConfiguration section */
		654D0F67246B169A00B2A968 /* Debug */ = {
			isa = XCBuildConfiguration;
			buildSettings = {
				ALWAYS_SEARCH_USER_PATHS = NO;
				CLANG_ANALYZER_NONNULL = YES;
				CLANG_ANALYZER_NUMBER_OBJECT_CONVERSION = YES_AGGRESSIVE;
				CLANG_CXX_LANGUAGE_STANDARD = "gnu++14";
				CLANG_CXX_LIBRARY = "libc++";
				CLANG_ENABLE_MODULES = YES;
				CLANG_ENABLE_OBJC_ARC = YES;
				CLANG_ENABLE_OBJC_WEAK = YES;
				CLANG_WARN_BLOCK_CAPTURE_AUTORELEASING = YES;
				CLANG_WARN_BOOL_CONVERSION = YES;
				CLANG_WARN_COMMA = YES;
				CLANG_WARN_CONSTANT_CONVERSION = YES;
				CLANG_WARN_DEPRECATED_OBJC_IMPLEMENTATIONS = YES;
				CLANG_WARN_DIRECT_OBJC_ISA_USAGE = YES_ERROR;
				CLANG_WARN_DOCUMENTATION_COMMENTS = YES;
				CLANG_WARN_EMPTY_BODY = YES;
				CLANG_WARN_ENUM_CONVERSION = YES;
				CLANG_WARN_INFINITE_RECURSION = YES;
				CLANG_WARN_INT_CONVERSION = YES;
				CLANG_WARN_NON_LITERAL_NULL_CONVERSION = YES;
				CLANG_WARN_OBJC_IMPLICIT_RETAIN_SELF = YES;
				CLANG_WARN_OBJC_LITERAL_CONVERSION = YES;
				CLANG_WARN_OBJC_ROOT_CLASS = YES_ERROR;
				CLANG_WARN_RANGE_LOOP_ANALYSIS = YES;
				CLANG_WARN_STRICT_PROTOTYPES = YES;
				CLANG_WARN_SUSPICIOUS_MOVE = YES;
				CLANG_WARN_UNGUARDED_AVAILABILITY = YES_AGGRESSIVE;
				CLANG_WARN_UNREACHABLE_CODE = YES;
				CLANG_WARN__DUPLICATE_METHOD_MATCH = YES;
				COPY_PHASE_STRIP = NO;
				DEBUG_INFORMATION_FORMAT = dwarf;
				ENABLE_STRICT_OBJC_MSGSEND = YES;
				ENABLE_TESTABILITY = YES;
				GCC_C_LANGUAGE_STANDARD = gnu11;
				GCC_DYNAMIC_NO_PIC = NO;
				GCC_NO_COMMON_BLOCKS = YES;
				GCC_OPTIMIZATION_LEVEL = 0;
				GCC_PREPROCESSOR_DEFINITIONS = (
					"DEBUG=1",
					"$(inherited)",
				);
				GCC_WARN_64_TO_32_BIT_CONVERSION = YES;
				GCC_WARN_ABOUT_RETURN_TYPE = YES_ERROR;
				GCC_WARN_UNDECLARED_SELECTOR = YES;
				GCC_WARN_UNINITIALIZED_AUTOS = YES_AGGRESSIVE;
				GCC_WARN_UNUSED_FUNCTION = YES;
				GCC_WARN_UNUSED_VARIABLE = YES;
				IPHONEOS_DEPLOYMENT_TARGET = 13.4;
				MTL_ENABLE_DEBUG_INFO = INCLUDE_SOURCE;
				MTL_FAST_MATH = YES;
				ONLY_ACTIVE_ARCH = YES;
				SDKROOT = iphoneos;
				SWIFT_ACTIVE_COMPILATION_CONDITIONS = DEBUG;
				SWIFT_OPTIMIZATION_LEVEL = "-Onone";
			};
			name = Debug;
		};
		654D0F68246B169A00B2A968 /* Release */ = {
			isa = XCBuildConfiguration;
			buildSettings = {
				ALWAYS_SEARCH_USER_PATHS = NO;
				CLANG_ANALYZER_NONNULL = YES;
				CLANG_ANALYZER_NUMBER_OBJECT_CONVERSION = YES_AGGRESSIVE;
				CLANG_CXX_LANGUAGE_STANDARD = "gnu++14";
				CLANG_CXX_LIBRARY = "libc++";
				CLANG_ENABLE_MODULES = YES;
				CLANG_ENABLE_OBJC_ARC = YES;
				CLANG_ENABLE_OBJC_WEAK = YES;
				CLANG_WARN_BLOCK_CAPTURE_AUTORELEASING = YES;
				CLANG_WARN_BOOL_CONVERSION = YES;
				CLANG_WARN_COMMA = YES;
				CLANG_WARN_CONSTANT_CONVERSION = YES;
				CLANG_WARN_DEPRECATED_OBJC_IMPLEMENTATIONS = YES;
				CLANG_WARN_DIRECT_OBJC_ISA_USAGE = YES_ERROR;
				CLANG_WARN_DOCUMENTATION_COMMENTS = YES;
				CLANG_WARN_EMPTY_BODY = YES;
				CLANG_WARN_ENUM_CONVERSION = YES;
				CLANG_WARN_INFINITE_RECURSION = YES;
				CLANG_WARN_INT_CONVERSION = YES;
				CLANG_WARN_NON_LITERAL_NULL_CONVERSION = YES;
				CLANG_WARN_OBJC_IMPLICIT_RETAIN_SELF = YES;
				CLANG_WARN_OBJC_LITERAL_CONVERSION = YES;
				CLANG_WARN_OBJC_ROOT_CLASS = YES_ERROR;
				CLANG_WARN_RANGE_LOOP_ANALYSIS = YES;
				CLANG_WARN_STRICT_PROTOTYPES = YES;
				CLANG_WARN_SUSPICIOUS_MOVE = YES;
				CLANG_WARN_UNGUARDED_AVAILABILITY = YES_AGGRESSIVE;
				CLANG_WARN_UNREACHABLE_CODE = YES;
				CLANG_WARN__DUPLICATE_METHOD_MATCH = YES;
				COPY_PHASE_STRIP = NO;
				DEBUG_INFORMATION_FORMAT = "dwarf-with-dsym";
				ENABLE_NS_ASSERTIONS = NO;
				ENABLE_STRICT_OBJC_MSGSEND = YES;
				GCC_C_LANGUAGE_STANDARD = gnu11;
				GCC_NO_COMMON_BLOCKS = YES;
				GCC_WARN_64_TO_32_BIT_CONVERSION = YES;
				GCC_WARN_ABOUT_RETURN_TYPE = YES_ERROR;
				GCC_WARN_UNDECLARED_SELECTOR = YES;
				GCC_WARN_UNINITIALIZED_AUTOS = YES_AGGRESSIVE;
				GCC_WARN_UNUSED_FUNCTION = YES;
				GCC_WARN_UNUSED_VARIABLE = YES;
				IPHONEOS_DEPLOYMENT_TARGET = 13.4;
				MTL_ENABLE_DEBUG_INFO = NO;
				MTL_FAST_MATH = YES;
				SDKROOT = iphoneos;
				SWIFT_COMPILATION_MODE = wholemodule;
				SWIFT_OPTIMIZATION_LEVEL = "-O";
				VALIDATE_PRODUCT = YES;
			};
			name = Release;
		};
		654D0F6A246B169A00B2A968 /* Debug */ = {
			isa = XCBuildConfiguration;
			buildSettings = {
				ASSETCATALOG_COMPILER_APPICON_NAME = AppIcon;
				CODE_SIGN_STYLE = Automatic;
				INFOPLIST_FILE = FastMDb/Info.plist;
				IPHONEOS_DEPLOYMENT_TARGET = 14.0;
				LD_RUNPATH_SEARCH_PATHS = (
					"$(inherited)",
					"@executable_path/Frameworks",
				);
				PRODUCT_BUNDLE_IDENTIFIER = dk.FastMDb;
				PRODUCT_NAME = "$(TARGET_NAME)";
				SWIFT_VERSION = 5.0;
				TARGETED_DEVICE_FAMILY = "1,2";
			};
			name = Debug;
		};
		654D0F6B246B169A00B2A968 /* Release */ = {
			isa = XCBuildConfiguration;
			buildSettings = {
				ASSETCATALOG_COMPILER_APPICON_NAME = AppIcon;
				CODE_SIGN_STYLE = Automatic;
				INFOPLIST_FILE = FastMDb/Info.plist;
				IPHONEOS_DEPLOYMENT_TARGET = 14.0;
				LD_RUNPATH_SEARCH_PATHS = (
					"$(inherited)",
					"@executable_path/Frameworks",
				);
				PRODUCT_BUNDLE_IDENTIFIER = dk.FastMDb;
				PRODUCT_NAME = "$(TARGET_NAME)";
				SWIFT_VERSION = 5.0;
				TARGETED_DEVICE_FAMILY = "1,2";
			};
			name = Release;
		};
		654D0FC4246B30E700B2A968 /* Debug */ = {
			isa = XCBuildConfiguration;
			buildSettings = {
				BUNDLE_LOADER = "$(TEST_HOST)";
				CODE_SIGN_STYLE = Automatic;
				INFOPLIST_FILE = FastMDbTests/Info.plist;
				IPHONEOS_DEPLOYMENT_TARGET = 14.2;
				LD_RUNPATH_SEARCH_PATHS = (
					"$(inherited)",
					"@executable_path/Frameworks",
					"@loader_path/Frameworks",
				);
				PRODUCT_BUNDLE_IDENTIFIER = dk.FastMDbTests;
				PRODUCT_NAME = "$(TARGET_NAME)";
				SWIFT_VERSION = 5.0;
				TARGETED_DEVICE_FAMILY = "1,2";
				TEST_HOST = "$(BUILT_PRODUCTS_DIR)/FastMDb.app/FastMDb";
			};
			name = Debug;
		};
		654D0FC5246B30E700B2A968 /* Release */ = {
			isa = XCBuildConfiguration;
			buildSettings = {
				BUNDLE_LOADER = "$(TEST_HOST)";
				CODE_SIGN_STYLE = Automatic;
				INFOPLIST_FILE = FastMDbTests/Info.plist;
				IPHONEOS_DEPLOYMENT_TARGET = 14.2;
				LD_RUNPATH_SEARCH_PATHS = (
					"$(inherited)",
					"@executable_path/Frameworks",
					"@loader_path/Frameworks",
				);
				PRODUCT_BUNDLE_IDENTIFIER = dk.FastMDbTests;
				PRODUCT_NAME = "$(TARGET_NAME)";
				SWIFT_VERSION = 5.0;
				TARGETED_DEVICE_FAMILY = "1,2";
				TEST_HOST = "$(BUILT_PRODUCTS_DIR)/FastMDb.app/FastMDb";
			};
			name = Release;
		};
/* End XCBuildConfiguration section */

/* Begin XCConfigurationList section */
		654D0F50246B169800B2A968 /* Build configuration list for PBXProject "FastMDb" */ = {
			isa = XCConfigurationList;
			buildConfigurations = (
				654D0F67246B169A00B2A968 /* Debug */,
				654D0F68246B169A00B2A968 /* Release */,
			);
			defaultConfigurationIsVisible = 0;
			defaultConfigurationName = Release;
		};
		654D0F69246B169A00B2A968 /* Build configuration list for PBXNativeTarget "FastMDb" */ = {
			isa = XCConfigurationList;
			buildConfigurations = (
				654D0F6A246B169A00B2A968 /* Debug */,
				654D0F6B246B169A00B2A968 /* Release */,
			);
			defaultConfigurationIsVisible = 0;
			defaultConfigurationName = Release;
		};
		654D0FC6246B30E700B2A968 /* Build configuration list for PBXNativeTarget "FastMDbTests" */ = {
			isa = XCConfigurationList;
			buildConfigurations = (
				654D0FC4246B30E700B2A968 /* Debug */,
				654D0FC5246B30E700B2A968 /* Release */,
			);
			defaultConfigurationIsVisible = 0;
			defaultConfigurationName = Release;
		};
/* End XCConfigurationList section */
	};
	rootObject = 654D0F4D246B169800B2A968 /* Project object */;
}
